PODS:
  - MYPMarkdownEditor (0.1.0)

DEPENDENCIES:
  - MYPMarkdownEditor (from `../`)

EXTERNAL SOURCES:
  MYPMarkdownEditor:
    :path: "../"

SPEC CHECKSUMS:
  MYPMarkdownEditor: cc877beb3eb72a7e574c9d246a8a707cf9ace0f3

PODFILE CHECKSUM: 86c43afee02bf7277232f676dbe2b9e3365af3c0

COCOAPODS: 1.5.2
